
Microsoft Visual Studio Solution File, Format Version 12.00
Project("{FAE04EC0-301F-11D3-BF4B-00C04F79EFBC}") = "Application", "Application\Application.csproj", "{5391B491-D916-4508-BBA5-97736D4C0B67}"
EndProject
Project("{FAE04EC0-301F-11D3-BF4B-00C04F79EFBC}") = "DataAccess", "DataAccess\DataAccess.csproj", "{6B4BDA79-0EAE-4B67-9EFF-E5628C9AFAA3}"
EndProject
Project("{FAE04EC0-301F-11D3-BF4B-00C04F79EFBC}") = "Presentation", "Presentation\Presentation.csproj", "{3112959A-3F98-43E0-B939-E33827A81866}"
EndProject
Project("{FAE04EC0-301F-11D3-BF4B-00C04F79EFBC}") = "ConsolePresentation", "ConsolePresentation\ConsolePresentation.csproj", "{FA4C6ABD-1E16-4CB7-81C6-AD6EF234759D}"
EndProject
Global
	GlobalSection(SolutionConfigurationPlatforms) = preSolution
		Debug|Any CPU = Debug|Any CPU
		Release|Any CPU = Release|Any CPU
	EndGlobalSection
	GlobalSection(ProjectConfigurationPlatforms) = postSolution
		{5391B491-D916-4508-BBA5-97736D4C0B67}.Debug|Any CPU.ActiveCfg = Debug|Any CPU
		{5391B491-D916-4508-BBA5-97736D4C0B67}.Debug|Any CPU.Build.0 = Debug|Any CPU
		{5391B491-D916-4508-BBA5-97736D4C0B67}.Release|Any CPU.ActiveCfg = Release|Any CPU
		{5391B491-D916-4508-BBA5-97736D4C0B67}.Release|Any CPU.Build.0 = Release|Any CPU
		{6B4BDA79-0EAE-4B67-9EFF-E5628C9AFAA3}.Debug|Any CPU.ActiveCfg = Debug|Any CPU
		{6B4BDA79-0EAE-4B67-9EFF-E5628C9AFAA3}.Debug|Any CPU.Build.0 = Debug|Any CPU
		{6B4BDA79-0EAE-4B67-9EFF-E5628C9AFAA3}.Release|Any CPU.ActiveCfg = Release|Any CPU
		{6B4BDA79-0EAE-4B67-9EFF-E5628C9AFAA3}.Release|Any CPU.Build.0 = Release|Any CPU
		{3112959A-3F98-43E0-B939-E33827A81866}.Debug|Any CPU.ActiveCfg = Debug|Any CPU
		{3112959A-3F98-43E0-B939-E33827A81866}.Debug|Any CPU.Build.0 = Debug|Any CPU
		{3112959A-3F98-43E0-B939-E33827A81866}.Release|Any CPU.ActiveCfg = Release|Any CPU
		{3112959A-3F98-43E0-B939-E33827A81866}.Release|Any CPU.Build.0 = Release|Any CPU
		{FA4C6ABD-1E16-4CB7-81C6-AD6EF234759D}.Debug|Any CPU.ActiveCfg = Debug|Any CPU
		{FA4C6ABD-1E16-4CB7-81C6-AD6EF234759D}.Debug|Any CPU.Build.0 = Debug|Any CPU
		{FA4C6ABD-1E16-4CB7-81C6-AD6EF234759D}.Release|Any CPU.ActiveCfg = Release|Any CPU
		{FA4C6ABD-1E16-4CB7-81C6-AD6EF234759D}.Release|Any CPU.Build.0 = Release|Any CPU
	EndGlobalSection
EndGlobal
